Microsoft Visual Studio Solution File, Format Version 12.00
# Visual Studio Version 16
VisualStudioVersion = 16.0.28803.452
MinimumVisualStudioVersion = 10.0.40219.1
Project("{9A19103F-16F7-4668-BE54-9A1E7A4F7556}") = "NodaTime", "NodaTime\NodaTime.csproj", "{29F470FA-C1CB-408B-A0B6-C1A9216C4B7B}"
EndProject
Project("{9A19103F-16F7-4668-BE54-9A1E7A4F7556}") = "NodaTime.Test", "NodaTime.Test\NodaTime.Test.csproj", "{6CC50995-3BCD-4FFE-95C7-320C4033B1B4}"
EndProject
Project("{9A19103F-16F7-4668-BE54-9A1E7A4F7556}") = "NodaTime.Testing", "NodaTime.Testing\NodaTime.Testing.csproj", "{ACF7179D-AE79-4DD5-B57F-4F9E39C222A9}"
EndProject
Project("{9A19103F-16F7-4668-BE54-9A1E7A4F7556}") = "NodaTime.TzValidate.NzdCompatibility", "NodaTime.TzValidate.NzdCompatibility\NodaTime.TzValidate.NzdCompatibility.csproj", "{B64228A2-15CC-4308-8804-D2979D725CE9}"
EndProject
Project("{9A19103F-16F7-4668-BE54-9A1E7A4F7556}") = "NodaTime.Tools.Common", "NodaTime.Tools.Common\NodaTime.Tools.Common.csproj", "{0288DC08-D688-478B-8026-45F06143F97A}"
EndProject
Project("{9A19103F-16F7-4668-BE54-9A1E7A4F7556}") = "NodaTime.Tools.DumpTimeZoneInfo", "NodaTime.Tools.DumpTimeZoneInfo\NodaTime.Tools.DumpTimeZoneInfo.csproj", "{0499CFF0-5485-4772-A33F-AB6D2BA3B1DE}"
EndProject
Project("{9A19103F-16F7-4668-BE54-9A1E7A4F7556}") = "NodaTime.Tools.ValidateHistoricalNzd", "NodaTime.Tools.ValidateHistoricalNzd\NodaTime.Tools.ValidateHistoricalNzd.csproj", "{76ADCF95-2FDB-4135-A30B-1CDE34FBD29A}"
EndProject
Project("{2150E333-8FDC-42A3-9474-1A3956D46DE8}") = "MSBuild", "MSBuild", "{33DA218C-5233-4ACC-94AA-61096670F2AC}"
	ProjectSection(SolutionItems) = preProject
		..\Directory.Build.props = ..\Directory.Build.props
		..\Directory.Build.targets = ..\Directory.Build.targets
		..\global.json = ..\global.json
	EndProjectSection
EndProject
Global
	GlobalSection(SolutionConfigurationPlatforms) = preSolution
		Debug|Any CPU = Debug|Any CPU
		Debug|x64 = Debug|x64
		Debug|x86 = Debug|x86
		Release|Any CPU = Release|Any CPU
		Release|x64 = Release|x64
		Release|x86 = Release|x86
	EndGlobalSection
	GlobalSection(ProjectConfigurationPlatforms) = postSolution
		{29F470FA-C1CB-408B-A0B6-C1A9216C4B7B}.Debug|Any CPU.ActiveCfg = Debug|Any CPU
		{29F470FA-C1CB-408B-A0B6-C1A9216C4B7B}.Debug|Any CPU.Build.0 = Debug|Any CPU
		{29F470FA-C1CB-408B-A0B6-C1A9216C4B7B}.Debug|x64.ActiveCfg = Debug|Any CPU
		{29F470FA-C1CB-408B-A0B6-C1A9216C4B7B}.Debug|x64.Build.0 = Debug|Any CPU
		{29F470FA-C1CB-408B-A0B6-C1A9216C4B7B}.Debug|x86.ActiveCfg = Debug|Any CPU
		{29F470FA-C1CB-408B-A0B6-C1A9216C4B7B}.Debug|x86.Build.0 = Debug|Any CPU
		{29F470FA-C1CB-408B-A0B6-C1A9216C4B7B}.Release|Any CPU.ActiveCfg = Release|Any CPU
		{29F470FA-C1CB-408B-A0B6-C1A9216C4B7B}.Release|Any CPU.Build.0 = Release|Any CPU
		{29F470FA-C1CB-408B-A0B6-C1A9216C4B7B}.Release|x64.ActiveCfg = Release|Any CPU
		{29F470FA-C1CB-408B-A0B6-C1A9216C4B7B}.Release|x64.Build.0 = Release|Any CPU
		{29F470FA-C1CB-408B-A0B6-C1A9216C4B7B}.Release|x86.ActiveCfg = Release|Any CPU
		{29F470FA-C1CB-408B-A0B6-C1A9216C4B7B}.Release|x86.Build.0 = Release|Any CPU
		{6CC50995-3BCD-4FFE-95C7-320C4033B1B4}.Debug|Any CPU.ActiveCfg = Debug|Any CPU
		{6CC50995-3BCD-4FFE-95C7-320C4033B1B4}.Debug|Any CPU.Build.0 = Debug|Any CPU
		{6CC50995-3BCD-4FFE-95C7-320C4033B1B4}.Debug|x64.ActiveCfg = Debug|Any CPU
		{6CC50995-3BCD-4FFE-95C7-320C4033B1B4}.Debug|x64.Build.0 = Debug|Any CPU
		{6CC50995-3BCD-4FFE-95C7-320C4033B1B4}.Debug|x86.ActiveCfg = Debug|Any CPU
		{6CC50995-3BCD-4FFE-95C7-320C4033B1B4}.Debug|x86.Build.0 = Debug|Any CPU
		{6CC50995-3BCD-4FFE-95C7-320C4033B1B4}.Release|Any CPU.ActiveCfg = Release|Any CPU
		{6CC50995-3BCD-4FFE-95C7-320C4033B1B4}.Release|Any CPU.Build.0 = Release|Any CPU
		{6CC50995-3BCD-4FFE-95C7-320C4033B1B4}.Release|x64.ActiveCfg = Release|Any CPU
		{6CC50995-3BCD-4FFE-95C7-320C4033B1B4}.Release|x64.Build.0 = Release|Any CPU
		{6CC50995-3BCD-4FFE-95C7-320C4033B1B4}.Release|x86.ActiveCfg = Release|Any CPU
		{6CC50995-3BCD-4FFE-95C7-320C4033B1B4}.Release|x86.Build.0 = Release|Any CPU
		{ACF7179D-AE79-4DD5-B57F-4F9E39C222A9}.Debug|Any CPU.ActiveCfg = Debug|Any CPU
		{ACF7179D-AE79-4DD5-B57F-4F9E39C222A9}.Debug|Any CPU.Build.0 = Debug|Any CPU
		{ACF7179D-AE79-4DD5-B57F-4F9E39C222A9}.Debug|x64.ActiveCfg = Debug|Any CPU
		{ACF7179D-AE79-4DD5-B57F-4F9E39C222A9}.Debug|x64.Build.0 = Debug|Any CPU
		{ACF7179D-AE79-4DD5-B57F-4F9E39C222A9}.Debug|x86.ActiveCfg = Debug|Any CPU
		{ACF7179D-AE79-4DD5-B57F-4F9E39C222A9}.Debug|x86.Build.0 = Debug|Any CPU
		{ACF7179D-AE79-4DD5-B57F-4F9E39C222A9}.Release|Any CPU.ActiveCfg = Release|Any CPU
		{ACF7179D-AE79-4DD5-B57F-4F9E39C222A9}.Release|Any CPU.Build.0 = Release|Any CPU
		{ACF7179D-AE79-4DD5-B57F-4F9E39C222A9}.Release|x64.ActiveCfg = Release|Any CPU
		{ACF7179D-AE79-4DD5-B57F-4F9E39C222A9}.Release|x64.Build.0 = Release|Any CPU
		{ACF7179D-AE79-4DD5-B57F-4F9E39C222A9}.Release|x86.ActiveCfg = Release|Any CPU
		{ACF7179D-AE79-4DD5-B57F-4F9E39C222A9}.Release|x86.Build.0 = Release|Any CPU
		{B64228A2-15CC-4308-8804-D2979D725CE9}.Debug|Any CPU.ActiveCfg = Debug|Any CPU
		{B64228A2-15CC-4308-8804-D2979D725CE9}.Debug|Any CPU.Build.0 = Debug|Any CPU
		{B64228A2-15CC-4308-8804-D2979D725CE9}.Debug|x64.ActiveCfg = Debug|Any CPU
		{B64228A2-15CC-4308-8804-D2979D725CE9}.Debug|x64.Build.0 = Debug|Any CPU
		{B64228A2-15CC-4308-8804-D2979D725CE9}.Debug|x86.ActiveCfg = Debug|Any CPU
		{B64228A2-15CC-4308-8804-D2979D725CE9}.Debug|x86.Build.0 = Debug|Any CPU
		{B64228A2-15CC-4308-8804-D2979D725CE9}.Release|Any CPU.ActiveCfg = Release|Any CPU
		{B64228A2-15CC-4308-8804-D2979D725CE9}.Release|Any CPU.Build.0 = Release|Any CPU
		{B64228A2-15CC-4308-8804-D2979D725CE9}.Release|x64.ActiveCfg = Release|Any CPU
		{B64228A2-15CC-4308-8804-D2979D725CE9}.Release|x64.Build.0 = Release|Any CPU
		{B64228A2-15CC-4308-8804-D2979D725CE9}.Release|x86.ActiveCfg = Release|Any CPU
		{B64228A2-15CC-4308-8804-D2979D725CE9}.Release|x86.Build.0 = Release|Any CPU
		{0288DC08-D688-478B-8026-45F06143F97A}.Debug|Any CPU.ActiveCfg = Debug|Any CPU
		{0288DC08-D688-478B-8026-45F06143F97A}.Debug|Any CPU.Build.0 = Debug|Any CPU
		{0288DC08-D688-478B-8026-45F06143F97A}.Debug|x64.ActiveCfg = Debug|Any CPU
		{0288DC08-D688-478B-8026-45F06143F97A}.Debug|x64.Build.0 = Debug|Any CPU
		{0288DC08-D688-478B-8026-45F06143F97A}.Debug|x86.ActiveCfg = Debug|Any CPU
		{0288DC08-D688-478B-8026-45F06143F97A}.Debug|x86.Build.0 = Debug|Any CPU
		{0288DC08-D688-478B-8026-45F06143F97A}.Release|Any CPU.ActiveCfg = Release|Any CPU
		{0288DC08-D688-478B-8026-45F06143F97A}.Release|Any CPU.Build.0 = Release|Any CPU
		{0288DC08-D688-478B-8026-45F06143F97A}.Release|x64.ActiveCfg = Release|Any CPU
		{0288DC08-D688-478B-8026-45F06143F97A}.Release|x64.Build.0 = Release|Any CPU
		{0288DC08-D688-478B-8026-45F06143F97A}.Release|x86.ActiveCfg = Release|Any CPU
		{0288DC08-D688-478B-8026-45F06143F97A}.Release|x86.Build.0 = Release|Any CPU
		{0499CFF0-5485-4772-A33F-AB6D2BA3B1DE}.Debug|Any CPU.ActiveCfg = Debug|Any CPU
		{0499CFF0-5485-4772-A33F-AB6D2BA3B1DE}.Debug|Any CPU.Build.0 = Debug|Any CPU
		{0499CFF0-5485-4772-A33F-AB6D2BA3B1DE}.Debug|x64.ActiveCfg = Debug|Any CPU
		{0499CFF0-5485-4772-A33F-AB6D2BA3B1DE}.Debug|x64.Build.0 = Debug|Any CPU
		{0499CFF0-5485-4772-A33F-AB6D2BA3B1DE}.Debug|x86.ActiveCfg = Debug|Any CPU
		{0499CFF0-5485-4772-A33F-AB6D2BA3B1DE}.Debug|x86.Build.0 = Debug|Any CPU
		{0499CFF0-5485-4772-A33F-AB6D2BA3B1DE}.Release|Any CPU.ActiveCfg = Release|Any CPU
		{0499CFF0-5485-4772-A33F-AB6D2BA3B1DE}.Release|Any CPU.Build.0 = Release|Any CPU
		{0499CFF0-5485-4772-A33F-AB6D2BA3B1DE}.Release|x64.ActiveCfg = Release|Any CPU
		{0499CFF0-5485-4772-A33F-AB6D2BA3B1DE}.Release|x64.Build.0 = Release|Any CPU
		{0499CFF0-5485-4772-A33F-AB6D2BA3B1DE}.Release|x86.ActiveCfg = Release|Any CPU
		{0499CFF0-5485-4772-A33F-AB6D2BA3B1DE}.Release|x86.Build.0 = Release|Any CPU
		{76ADCF95-2FDB-4135-A30B-1CDE34FBD29A}.Debug|Any CPU.ActiveCfg = Debug|Any CPU
		{76ADCF95-2FDB-4135-A30B-1CDE34FBD29A}.Debug|Any CPU.Build.0 = Debug|Any CPU
		{76ADCF95-2FDB-4135-A30B-1CDE34FBD29A}.Debug|x64.ActiveCfg = Debug|Any CPU
		{76ADCF95-2FDB-4135-A30B-1CDE34FBD29A}.Debug|x64.Build.0 = Debug|Any CPU
		{76ADCF95-2FDB-4135-A30B-1CDE34FBD29A}.Debug|x86.ActiveCfg = Debug|Any CPU
		{76ADCF95-2FDB-4135-A30B-1CDE34FBD29A}.Debug|x86.Build.0 = Debug|Any CPU
		{76ADCF95-2FDB-4135-A30B-1CDE34FBD29A}.Release|Any CPU.ActiveCfg = Release|Any CPU
		{76ADCF95-2FDB-4135-A30B-1CDE34FBD29A}.Release|Any CPU.Build.0 = Release|Any CPU
		{76ADCF95-2FDB-4135-A30B-1CDE34FBD29A}.Release|x64.ActiveCfg = Release|Any CPU
		{76ADCF95-2FDB-4135-A30B-1CDE34FBD29A}.Release|x64.Build.0 = Release|Any CPU
		{76ADCF95-2FDB-4135-A30B-1CDE34FBD29A}.Release|x86.ActiveCfg = Release|Any CPU
		{76ADCF95-2FDB-4135-A30B-1CDE34FBD29A}.Release|x86.Build.0 = Release|Any CPU
	EndGlobalSection
	GlobalSection(SolutionProperties) = preSolution
		HideSolutionNode = FALSE
	EndGlobalSection
	GlobalSection(ExtensibilityGlobals) = postSolution
		SolutionGuid = {F8647B3E-2FE3-4611-9461-4C8E13732CFC}
	EndGlobalSection
EndGlobal
